Microsoft Visual Studio Solution File, Format Version 12.00
# Visual Studio Version 17
VisualStudioVersion = 17.5.2.0
MinimumVisualStudioVersion = 10.0.40219.1
Project("{FAE04EC0-301F-11D3-BF4B-00C04F79EFBC}") = "TD1_Report_Core", "TD1_Report_Core\TD1_Report_Core.csproj", "{2FBD4EE9-EDEF-CE48-70EF-B5648ED5A350}"
EndProject
Project("{FAE04EC0-301F-11D3-BF4B-00C04F79EFBC}") = "TD1_Report_Core.Tests", "TD1_Report_Core.Tests\TD1_Report_Core.Tests.csproj", "{00976E4D-3E82-429E-B188-DBFBB6694520}"
EndProject
Global
	GlobalSection(SolutionConfigurationPlatforms) = preSolution
		Debug|Any CPU = Debug|Any CPU
		Release|Any CPU = Release|Any CPU
	EndGlobalSection
	GlobalSection(ProjectConfigurationPlatforms) = postSolution
		{2FBD4EE9-EDEF-CE48-70EF-B5648ED5A350}.Debug|Any CPU.ActiveCfg = Debug|Any CPU
		{2FBD4EE9-EDEF-CE48-70EF-B5648ED5A350}.Debug|Any CPU.Build.0 = Debug|Any CPU
		{2FBD4EE9-EDEF-CE48-70EF-B5648ED5A350}.Release|Any CPU.ActiveCfg = Release|Any CPU
		{2FBD4EE9-EDEF-CE48-70EF-B5648ED5A350}.Release|Any CPU.Build.0 = Release|Any CPU
		{00976E4D-3E82-429E-B188-DBFBB6694520}.Debug|Any CPU.ActiveCfg = Debug|Any CPU
		{00976E4D-3E82-429E-B188-DBFBB6694520}.Debug|Any CPU.Build.0 = Debug|Any CPU
		{00976E4D-3E82-429E-B188-DBFBB6694520}.Release|Any CPU.ActiveCfg = Release|Any CPU
		{00976E4D-3E82-429E-B188-DBFBB6694520}.Release|Any CPU.Build.0 = Release|Any CPU
	EndGlobalSection
	GlobalSection(SolutionProperties) = preSolution
		HideSolutionNode = FALSE
	EndGlobalSection
	GlobalSection(ExtensibilityGlobals) = postSolution
		SolutionGuid = {31C0F780-80DF-471E-B508-CC0C531F54CE}
	EndGlobalSection
EndGlobal
